
Microsoft Visual Studio Solution File, Format Version 12.00
# Visual Studio Version 16
VisualStudioVersion = 16.0.30717.126
MinimumVisualStudioVersion = 10.0.40219.1
Project("{FAE04EC0-301F-11D3-BF4B-00C04F79EFBC}") = "showdoc-server", "showdoc-server\showdoc-server.csproj", "{F3F0808B-FD7E-49D6-B5E6-BB3B0C1182EA}"
EndProject
Global
	GlobalSection(SolutionConfigurationPlatforms) = preSolution
		Debug|Any CPU = Debug|Any CPU
		Release|Any CPU = Release|Any CPU
	EndGlobalSection
	GlobalSection(ProjectConfigurationPlatforms) = postSolution
		{F3F0808B-FD7E-49D6-B5E6-BB3B0C1182EA}.Debug|Any CPU.ActiveCfg = Debug|Any CPU
		{F3F0808B-FD7E-49D6-B5E6-BB3B0C1182EA}.Debug|Any CPU.Build.0 = Debug|Any CPU
		{F3F0808B-FD7E-49D6-B5E6-BB3B0C1182EA}.Release|Any CPU.ActiveCfg = Release|Any CPU
		{F3F0808B-FD7E-49D6-B5E6-BB3B0C1182EA}.Release|Any CPU.Build.0 = Release|Any CPU
	EndGlobalSection
	GlobalSection(SolutionProperties) = preSolution
		HideSolutionNode = FALSE
	EndGlobalSection
	GlobalSection(ExtensibilityGlobals) = postSolution
		SolutionGuid = {0BE583C8-98F6-4970-99C8-C5563519DAF1}
	EndGlobalSection
EndGlobal
